PODS:
  - AudioKit (4.5.5):
    - AudioKit/Core (= 4.5.5)
    - AudioKit/UI (= 4.5.5)
  - AudioKit/Core (4.5.5)
  - AudioKit/UI (4.5.5):
    - AudioKit/Core
  - Former (1.7.0)
  - SnapKit (4.2.0)
  - Then (2.4.0)

DEPENDENCIES:
  - AudioKit
  - AudioKit/UI
  - Former
  - SnapKit
  - Then

SPEC REPOS:
  https://github.com/cocoapods/specs.git:
    - AudioKit
    - Former
    - SnapKit
    - Then

SPEC CHECKSUMS:
  AudioKit: fa163632454ff463d5f02c479e4c1fb99f2c9d44
  Former: f78c0c28b84aadc4da3bf29e97220c8db188048d
  SnapKit: fe8a619752f3f27075cc9a90244d75c6c3f27e2a
  Then: 71866660c7af35a7343831f7668e7cd2b62ee0f2

PODFILE CHECKSUM: 4e1f5396a1b893d3a2037f9d95d0d3d16148c1d1

COCOAPODS: 1.5.3
